
Microsoft Visual Studio Solution File, Format Version 12.00
# Visual Studio 14
VisualStudioVersion = 14.0.25420.1
MinimumVisualStudioVersion = 10.0.40219.1
Project("{FAE04EC0-301F-11D3-BF4B-00C04F79EFBC}") = "Zhaba", "Source\Zhaba\Zhaba.csproj", "{C12A8F0A-8493-4B8A-B2D0-076B56B32D50}"
EndProject
Project("{FAE04EC0-301F-11D3-BF4B-00C04F79EFBC}") = "Zhaba.DBAccess", "Source\Zhaba.DBAccess\Zhaba.DBAccess.csproj", "{C04791CD-AC3D-4E5D-A14A-3117460CA9C6}"
EndProject
Project("{FAE04EC0-301F-11D3-BF4B-00C04F79EFBC}") = "Zhaba.Web", "Source\Zhaba.Web\Zhaba.Web.csproj", "{5A785329-CBB1-4F1E-B272-5520586B9F78}"
EndProject
Project("{FAE04EC0-301F-11D3-BF4B-00C04F79EFBC}") = "zws", "Source\zws\zws.csproj", "{4378536F-49C1-4F81-8C91-001B3656D7D6}"
	ProjectSection(ProjectDependencies) = postProject
		{C04791CD-AC3D-4E5D-A14A-3117460CA9C6} = {C04791CD-AC3D-4E5D-A14A-3117460CA9C6}
	EndProjectSection
EndProject
Project("{FAE04EC0-301F-11D3-BF4B-00C04F79EFBC}") = "Zhaba.DataLogic", "Source\Zhaba.DataLogic\Zhaba.DataLogic.csproj", "{68187E66-5F2F-4810-AF0D-78C3F4A11C83}"
EndProject
Global
	GlobalSection(SolutionConfigurationPlatforms) = preSolution
		Debug|Any CPU = Debug|Any CPU
		Release|Any CPU = Release|Any CPU
	EndGlobalSection
	GlobalSection(ProjectConfigurationPlatforms) = postSolution
		{C12A8F0A-8493-4B8A-B2D0-076B56B32D50}.Debug|Any CPU.ActiveCfg = Debug|Any CPU
		{C12A8F0A-8493-4B8A-B2D0-076B56B32D50}.Debug|Any CPU.Build.0 = Debug|Any CPU
		{C12A8F0A-8493-4B8A-B2D0-076B56B32D50}.Release|Any CPU.ActiveCfg = Release|Any CPU
		{C12A8F0A-8493-4B8A-B2D0-076B56B32D50}.Release|Any CPU.Build.0 = Release|Any CPU
		{C04791CD-AC3D-4E5D-A14A-3117460CA9C6}.Debug|Any CPU.ActiveCfg = Debug|Any CPU
		{C04791CD-AC3D-4E5D-A14A-3117460CA9C6}.Debug|Any CPU.Build.0 = Debug|Any CPU
		{C04791CD-AC3D-4E5D-A14A-3117460CA9C6}.Release|Any CPU.ActiveCfg = Release|Any CPU
		{C04791CD-AC3D-4E5D-A14A-3117460CA9C6}.Release|Any CPU.Build.0 = Release|Any CPU
		{5A785329-CBB1-4F1E-B272-5520586B9F78}.Debug|Any CPU.ActiveCfg = Debug|Any CPU
		{5A785329-CBB1-4F1E-B272-5520586B9F78}.Debug|Any CPU.Build.0 = Debug|Any CPU
		{5A785329-CBB1-4F1E-B272-5520586B9F78}.Release|Any CPU.ActiveCfg = Release|Any CPU
		{5A785329-CBB1-4F1E-B272-5520586B9F78}.Release|Any CPU.Build.0 = Release|Any CPU
		{4378536F-49C1-4F81-8C91-001B3656D7D6}.Debug|Any CPU.ActiveCfg = Debug|Any CPU
		{4378536F-49C1-4F81-8C91-001B3656D7D6}.Debug|Any CPU.Build.0 = Debug|Any CPU
		{4378536F-49C1-4F81-8C91-001B3656D7D6}.Release|Any CPU.ActiveCfg = Release|Any CPU
		{4378536F-49C1-4F81-8C91-001B3656D7D6}.Release|Any CPU.Build.0 = Release|Any CPU
		{68187E66-5F2F-4810-AF0D-78C3F4A11C83}.Debug|Any CPU.ActiveCfg = Debug|Any CPU
		{68187E66-5F2F-4810-AF0D-78C3F4A11C83}.Debug|Any CPU.Build.0 = Debug|Any CPU
		{68187E66-5F2F-4810-AF0D-78C3F4A11C83}.Release|Any CPU.ActiveCfg = Release|Any CPU
		{68187E66-5F2F-4810-AF0D-78C3F4A11C83}.Release|Any CPU.Build.0 = Release|Any CPU
	EndGlobalSection
	GlobalSection(SolutionProperties) = preSolution
		HideSolutionNode = FALSE
	EndGlobalSection
EndGlobal
